
Microsoft Visual Studio Solution File, Format Version 12.00
# Visual Studio 2012
Project("{FAE04EC0-301F-11D3-BF4B-00C04F79EFBC}") = "calculator", "calculator\calculator.csproj", "{7A5E2CC0-C020-4D58-9A3C-4249DD171CEA}"
EndProject
Global
	GlobalSection(SolutionConfigurationPlatforms) = preSolution
		Debug|Any CPU = Debug|Any CPU
		Release|Any CPU = Release|Any CPU
	EndGlobalSection
	GlobalSection(ProjectConfigurationPlatforms) = postSolution
		{7A5E2CC0-C020-4D58-9A3C-4249DD171CEA}.Debug|Any CPU.ActiveCfg = Debug|Any CPU
		{7A5E2CC0-C020-4D58-9A3C-4249DD171CEA}.Debug|Any CPU.Build.0 = Debug|Any CPU
		{7A5E2CC0-C020-4D58-9A3C-4249DD171CEA}.Release|Any CPU.ActiveCfg = Release|Any CPU
		{7A5E2CC0-C020-4D58-9A3C-4249DD171CEA}.Release|Any CPU.Build.0 = Release|Any CPU
	EndGlobalSection
	GlobalSection(SolutionProperties) = preSolution
		HideSolutionNode = FALSE
	EndGlobalSection
EndGlobal
