
Microsoft Visual Studio Solution File, Format Version 12.00
# Visual Studio 2012
Project("{FAE04EC0-301F-11D3-BF4B-00C04F79EFBC}") = "OnlineReg", "OnlineReg\OnlineReg.csproj", "{A14D81CD-1422-4D5F-B649-269BC1D8E47C}"
EndProject
Global
	GlobalSection(SolutionConfigurationPlatforms) = preSolution
		Debug|Any CPU = Debug|Any CPU
		Release|Any CPU = Release|Any CPU
	EndGlobalSection
	GlobalSection(ProjectConfigurationPlatforms) = postSolution
		{A14D81CD-1422-4D5F-B649-269BC1D8E47C}.Debug|Any CPU.ActiveCfg = Debug|Any CPU
		{A14D81CD-1422-4D5F-B649-269BC1D8E47C}.Debug|Any CPU.Build.0 = Debug|Any CPU
		{A14D81CD-1422-4D5F-B649-269BC1D8E47C}.Release|Any CPU.ActiveCfg = Release|Any CPU
		{A14D81CD-1422-4D5F-B649-269BC1D8E47C}.Release|Any CPU.Build.0 = Release|Any CPU
	EndGlobalSection
	GlobalSection(SolutionProperties) = preSolution
		HideSolutionNode = FALSE
	EndGlobalSection
EndGlobal
