
Microsoft Visual Studio Solution File, Format Version 12.00
# Visual Studio 2012
Project("{FAE04EC0-301F-11D3-BF4B-00C04F79EFBC}") = "BankingApplication", "BankingApplication\BankingApplication.csproj", "{0DF481F1-4729-4425-84BC-4DFC54FA025A}"
EndProject
Global
	GlobalSection(SolutionConfigurationPlatforms) = preSolution
		Debug|Any CPU = Debug|Any CPU
		Release|Any CPU = Release|Any CPU
	EndGlobalSection
	GlobalSection(ProjectConfigurationPlatforms) = postSolution
		{0DF481F1-4729-4425-84BC-4DFC54FA025A}.Debug|Any CPU.ActiveCfg = Debug|Any CPU
		{0DF481F1-4729-4425-84BC-4DFC54FA025A}.Debug|Any CPU.Build.0 = Debug|Any CPU
		{0DF481F1-4729-4425-84BC-4DFC54FA025A}.Release|Any CPU.ActiveCfg = Release|Any CPU
		{0DF481F1-4729-4425-84BC-4DFC54FA025A}.Release|Any CPU.Build.0 = Release|Any CPU
	EndGlobalSection
	GlobalSection(SolutionProperties) = preSolution
		HideSolutionNode = FALSE
	EndGlobalSection
EndGlobal
